lockfileVersion: 5.4

specifiers:
  crypto-js: ^4.1.1
  rescript: '*'

dependencies:
  crypto-js: 4.1.1
  rescript: 10.1.3

packages:

  /crypto-js/4.1.1:
    resolution: {integrity: sha512-o2JlM7ydqd3Qk9CA0L4NL6mTzU2sdx96a+oOfPu8Mkl/PK51vSyoi8/rQ8NknZtk44vq15lmhAj9CIAGwgeWKw==}
    dev: false

  /rescript/10.1.3:
    resolution: {integrity: sha512-5qaf63As6nkbrMRJ85kZ0ifLzKAGPOGLuoJ4zFVGZIp4oMePRt6bCKWAIX7zgbRDfRPa3jSu+EnoY2873gxaIA==}
    hasBin: true
    requiresBuild: true
    dev: false
